
Microsoft Visual Studio Solution File, Format Version 12.00
# Visual Studio Version 17
VisualStudioVersion = 17.3.32819.101
MinimumVisualStudioVersion = 10.0.40219.1
Project("{9A19103F-16F7-4668-BE54-9A1E7A4F7556}") = "Training", "Training.csproj", "{63B4EC20-171A-4164-92D6-C3308318C43A}"
EndProject
Project("{FAE04EC0-301F-11D3-BF4B-00C04F79EFBC}") = "Demo", "..\Demo\Demo.csproj", "{C29B39C1-8A72-41D6-AE32-C46D70EEFF2E}"
EndProject
Global
	GlobalSection(SolutionConfigurationPlatforms) = preSolution
		Debug|Any CPU = Debug|Any CPU
		Release|Any CPU = Release|Any CPU
	EndGlobalSection
	GlobalSection(ProjectConfigurationPlatforms) = postSolution
		{63B4EC20-171A-4164-92D6-C3308318C43A}.Debug|Any CPU.ActiveCfg = Debug|Any CPU
		{63B4EC20-171A-4164-92D6-C3308318C43A}.Debug|Any CPU.Build.0 = Debug|Any CPU
		{63B4EC20-171A-4164-92D6-C3308318C43A}.Release|Any CPU.ActiveCfg = Release|Any CPU
		{63B4EC20-171A-4164-92D6-C3308318C43A}.Release|Any CPU.Build.0 = Release|Any CPU
		{C29B39C1-8A72-41D6-AE32-C46D70EEFF2E}.Debug|Any CPU.ActiveCfg = Debug|Any CPU
		{C29B39C1-8A72-41D6-AE32-C46D70EEFF2E}.Debug|Any CPU.Build.0 = Debug|Any CPU
		{C29B39C1-8A72-41D6-AE32-C46D70EEFF2E}.Release|Any CPU.ActiveCfg = Release|Any CPU
		{C29B39C1-8A72-41D6-AE32-C46D70EEFF2E}.Release|Any CPU.Build.0 = Release|Any CPU
	EndGlobalSection
	GlobalSection(SolutionProperties) = preSolution
		HideSolutionNode = FALSE
	EndGlobalSection
	GlobalSection(ExtensibilityGlobals) = postSolution
		SolutionGuid = {D453C13A-0B6F-4E0F-8FD2-A4D2BB66756F}
	EndGlobalSection
EndGlobal
