
Microsoft Visual Studio Solution File, Format Version 12.00
# Visual Studio Version 17
VisualStudioVersion = 17.3.32819.101
MinimumVisualStudioVersion = 10.0.40219.1
Project("{FAE04EC0-301F-11D3-BF4B-00C04F79EFBC}") = "01._Christmas_Preparation_", "01._Christmas_Preparation_.csproj", "{17AF9447-60C1-4203-BBD3-26BF3094347A}"
EndProject
Project("{FAE04EC0-301F-11D3-BF4B-00C04F79EFBC}") = "Stavri", "..\Stavri\Stavri.csproj", "{10C97EE3-C62C-48A3-8375-36D7BB4837EC}"
EndProject
Global
	GlobalSection(SolutionConfigurationPlatforms) = preSolution
		Debug|Any CPU = Debug|Any CPU
		Release|Any CPU = Release|Any CPU
	EndGlobalSection
	GlobalSection(ProjectConfigurationPlatforms) = postSolution
		{17AF9447-60C1-4203-BBD3-26BF3094347A}.Debug|Any CPU.ActiveCfg = Debug|Any CPU
		{17AF9447-60C1-4203-BBD3-26BF3094347A}.Debug|Any CPU.Build.0 = Debug|Any CPU
		{17AF9447-60C1-4203-BBD3-26BF3094347A}.Release|Any CPU.ActiveCfg = Release|Any CPU
		{17AF9447-60C1-4203-BBD3-26BF3094347A}.Release|Any CPU.Build.0 = Release|Any CPU
		{10C97EE3-C62C-48A3-8375-36D7BB4837EC}.Debug|Any CPU.ActiveCfg = Debug|Any CPU
		{10C97EE3-C62C-48A3-8375-36D7BB4837EC}.Debug|Any CPU.Build.0 = Debug|Any CPU
		{10C97EE3-C62C-48A3-8375-36D7BB4837EC}.Release|Any CPU.ActiveCfg = Release|Any CPU
		{10C97EE3-C62C-48A3-8375-36D7BB4837EC}.Release|Any CPU.Build.0 = Release|Any CPU
	EndGlobalSection
	GlobalSection(SolutionProperties) = preSolution
		HideSolutionNode = FALSE
	EndGlobalSection
	GlobalSection(ExtensibilityGlobals) = postSolution
		SolutionGuid = {EE88488A-AF11-4472-871B-AD2B8A1DD4A9}
	EndGlobalSection
EndGlobal
