
Microsoft Visual Studio Solution File, Format Version 12.00
# Visual Studio Version 17
VisualStudioVersion = 17.3.32819.101
MinimumVisualStudioVersion = 10.0.40219.1
Project("{9A19103F-16F7-4668-BE54-9A1E7A4F7556}") = "01. USD to BGN", "USD to BGN\01. USD to BGN.csproj", "{865537A2-4C82-4158-9E7C-3FB3BADD104C}"
EndProject
Project("{9A19103F-16F7-4668-BE54-9A1E7A4F7556}") = "02. Radians to Degrees", "Radians to degrees\02. Radians to Degrees.csproj", "{E0BA25FB-ACD9-40A4-9481-3D1EEC357B39}"
EndProject
Project("{9A19103F-16F7-4668-BE54-9A1E7A4F7556}") = "03. Deposit Calculator", "Deposit with calculator\03. Deposit Calculator.csproj", "{A11F3A48-1619-4A3E-B605-D91FA9BBE1CB}"
EndProject
Project("{9A19103F-16F7-4668-BE54-9A1E7A4F7556}") = "04. Vacation Books List", "04. Vacation Books List\04. Vacation Books List.csproj", "{0FA92E0B-A753-4EEB-8879-CA367C9FC372}"
EndProject
Project("{9A19103F-16F7-4668-BE54-9A1E7A4F7556}") = "05. Supplies for School", "05. Supplies for School\05. Supplies for School.csproj", "{0E0F898A-48D1-4958-B6E2-9D63DF1E8B75}"
EndProject
Project("{9A19103F-16F7-4668-BE54-9A1E7A4F7556}") = "06. Repainting", "06. Repainting\06. Repainting.csproj", "{52ECD485-9EB3-4BC6-AB1E-94C16D41AFC6}"
EndProject
Project("{9A19103F-16F7-4668-BE54-9A1E7A4F7556}") = "07. Food Delivery", "07. Food Delivery\07. Food Delivery.csproj", "{C8C20F48-8BE9-42CF-B749-2B8C558181DE}"
EndProject
Project("{9A19103F-16F7-4668-BE54-9A1E7A4F7556}") = "08. Basketball Equipment", "08. Basketball Equipment\08. Basketball Equipment.csproj", "{4B4C7034-1B2B-475A-BAF0-647CFA87FE56}"
EndProject
Project("{9A19103F-16F7-4668-BE54-9A1E7A4F7556}") = "09. Fish Tank", "09. Fish Tank\09. Fish Tank.csproj", "{772FA553-CCF4-4995-816B-9756E6E2A245}"
EndProject
Global
	GlobalSection(SolutionConfigurationPlatforms) = preSolution
		Debug|Any CPU = Debug|Any CPU
		Release|Any CPU = Release|Any CPU
	EndGlobalSection
	GlobalSection(ProjectConfigurationPlatforms) = postSolution
		{865537A2-4C82-4158-9E7C-3FB3BADD104C}.Debug|Any CPU.ActiveCfg = Debug|Any CPU
		{865537A2-4C82-4158-9E7C-3FB3BADD104C}.Debug|Any CPU.Build.0 = Debug|Any CPU
		{865537A2-4C82-4158-9E7C-3FB3BADD104C}.Release|Any CPU.ActiveCfg = Release|Any CPU
		{865537A2-4C82-4158-9E7C-3FB3BADD104C}.Release|Any CPU.Build.0 = Release|Any CPU
		{E0BA25FB-ACD9-40A4-9481-3D1EEC357B39}.Debug|Any CPU.ActiveCfg = Debug|Any CPU
		{E0BA25FB-ACD9-40A4-9481-3D1EEC357B39}.Debug|Any CPU.Build.0 = Debug|Any CPU
		{E0BA25FB-ACD9-40A4-9481-3D1EEC357B39}.Release|Any CPU.ActiveCfg = Release|Any CPU
		{E0BA25FB-ACD9-40A4-9481-3D1EEC357B39}.Release|Any CPU.Build.0 = Release|Any CPU
		{A11F3A48-1619-4A3E-B605-D91FA9BBE1CB}.Debug|Any CPU.ActiveCfg = Debug|Any CPU
		{A11F3A48-1619-4A3E-B605-D91FA9BBE1CB}.Debug|Any CPU.Build.0 = Debug|Any CPU
		{A11F3A48-1619-4A3E-B605-D91FA9BBE1CB}.Release|Any CPU.ActiveCfg = Release|Any CPU
		{A11F3A48-1619-4A3E-B605-D91FA9BBE1CB}.Release|Any CPU.Build.0 = Release|Any CPU
		{0FA92E0B-A753-4EEB-8879-CA367C9FC372}.Debug|Any CPU.ActiveCfg = Debug|Any CPU
		{0FA92E0B-A753-4EEB-8879-CA367C9FC372}.Debug|Any CPU.Build.0 = Debug|Any CPU
		{0FA92E0B-A753-4EEB-8879-CA367C9FC372}.Release|Any CPU.ActiveCfg = Release|Any CPU
		{0FA92E0B-A753-4EEB-8879-CA367C9FC372}.Release|Any CPU.Build.0 = Release|Any CPU
		{0E0F898A-48D1-4958-B6E2-9D63DF1E8B75}.Debug|Any CPU.ActiveCfg = Debug|Any CPU
		{0E0F898A-48D1-4958-B6E2-9D63DF1E8B75}.Debug|Any CPU.Build.0 = Debug|Any CPU
		{0E0F898A-48D1-4958-B6E2-9D63DF1E8B75}.Release|Any CPU.ActiveCfg = Release|Any CPU
		{0E0F898A-48D1-4958-B6E2-9D63DF1E8B75}.Release|Any CPU.Build.0 = Release|Any CPU
		{52ECD485-9EB3-4BC6-AB1E-94C16D41AFC6}.Debug|Any CPU.ActiveCfg = Debug|Any CPU
		{52ECD485-9EB3-4BC6-AB1E-94C16D41AFC6}.Debug|Any CPU.Build.0 = Debug|Any CPU
		{52ECD485-9EB3-4BC6-AB1E-94C16D41AFC6}.Release|Any CPU.ActiveCfg = Release|Any CPU
		{52ECD485-9EB3-4BC6-AB1E-94C16D41AFC6}.Release|Any CPU.Build.0 = Release|Any CPU
		{C8C20F48-8BE9-42CF-B749-2B8C558181DE}.Debug|Any CPU.ActiveCfg = Debug|Any CPU
		{C8C20F48-8BE9-42CF-B749-2B8C558181DE}.Debug|Any CPU.Build.0 = Debug|Any CPU
		{C8C20F48-8BE9-42CF-B749-2B8C558181DE}.Release|Any CPU.ActiveCfg = Release|Any CPU
		{C8C20F48-8BE9-42CF-B749-2B8C558181DE}.Release|Any CPU.Build.0 = Release|Any CPU
		{4B4C7034-1B2B-475A-BAF0-647CFA87FE56}.Debug|Any CPU.ActiveCfg = Debug|Any CPU
		{4B4C7034-1B2B-475A-BAF0-647CFA87FE56}.Debug|Any CPU.Build.0 = Debug|Any CPU
		{4B4C7034-1B2B-475A-BAF0-647CFA87FE56}.Release|Any CPU.ActiveCfg = Release|Any CPU
		{4B4C7034-1B2B-475A-BAF0-647CFA87FE56}.Release|Any CPU.Build.0 = Release|Any CPU
		{772FA553-CCF4-4995-816B-9756E6E2A245}.Debug|Any CPU.ActiveCfg = Debug|Any CPU
		{772FA553-CCF4-4995-816B-9756E6E2A245}.Debug|Any CPU.Build.0 = Debug|Any CPU
		{772FA553-CCF4-4995-816B-9756E6E2A245}.Release|Any CPU.ActiveCfg = Release|Any CPU
		{772FA553-CCF4-4995-816B-9756E6E2A245}.Release|Any CPU.Build.0 = Release|Any CPU
	EndGlobalSection
	GlobalSection(SolutionProperties) = preSolution
		HideSolutionNode = FALSE
	EndGlobalSection
	GlobalSection(ExtensibilityGlobals) = postSolution
		SolutionGuid = {367E7166-FB57-4951-9455-59505E409DC7}
	EndGlobalSection
EndGlobal
